{
    "_readme": [
        "This file locks the dependencies of your project to a known state",
        "Read more about it at https://getcomposer.org/doc/01-basic-usage.md#composer-lock-the-lock-file",
        "This file is @generated automatically"
    ],
    "content-hash": "1dc46caf744d34755f8052dcf2d76de4",
    "packages": [
        {
            "name": "composer/installers",
            "version": "v1.5.0",
            "source": {
                "type": "git",
                "url": "https://github.com/composer/installers.git",
                "reference": "049797d727261bf27f2690430d935067710049c2"
            },
            "dist": {
                "type": "zip",
                "url": "https://api.github.com/repos/composer/installers/zipball/049797d727261bf27f2690430d935067710049c2",
                "reference": "049797d727261bf27f2690430d935067710049c2",
                "shasum": ""
            },
            "require": {
                "composer-plugin-api": "^1.0"
            },
            "replace": {
                "roundcube/plugin-installer": "*",
                "shama/baton": "*"
            },
            "require-dev": {
                "composer/composer": "1.0.*@dev",
                "phpunit/phpunit": "^4.8.36"
            },
            "type": "composer-plugin",
            "extra": {
                "class": "Composer\\Installers\\Plugin",
                "branch-alias": {
                    "dev-master": "1.0-dev"
                }
            },
            "autoload": {
                "psr-4": {
                    "Composer\\Installers\\": "src/Composer/Installers"
                }
            },
            "notification-url": "https://packagist.org/downloads/",
            "license": [
                "MIT"
            ],
            "authors": [
                {
                    "name": "Kyle Robinson Young",
                    "email": "kyle@dontkry.com",
                    "homepage": "https://github.com/shama"
                }
            ],
            "description": "A multi-framework Composer library installer",
            "homepage": "https://composer.github.io/installers/",
            "keywords": [
                "Craft",
                "Dolibarr",
                "Eliasis",
                "Hurad",
                "ImageCMS",
                "Kanboard",
                "Lan Management System",
                "MODX Evo",
                "Mautic",
                "Maya",
                "OXID",
                "Plentymarkets",
                "Porto",
                "RadPHP",
                "SMF",
                "Thelia",
                "WolfCMS",
                "agl",
                "aimeos",
                "annotatecms",
                "attogram",
                "bitrix",
                "cakephp",
                "chef",
                "cockpit",
                "codeigniter",
                "concrete5",
                "croogo",
                "dokuwiki",
                "drupal",
                "eZ Platform",
                "elgg",
                "expressionengine",
                "fuelphp",
                "grav",
                "installer",
                "itop",
                "joomla",
                "kohana",
                "laravel",
                "lavalite",
                "lithium",
                "magento",
                "majima",
                "mako",
                "mediawiki",
                "modulework",
                "modx",
                "moodle",
                "osclass",
                "phpbb",
                "piwik",
                "ppi",
                "puppet",
                "pxcms",
                "reindex",
                "roundcube",
                "shopware",
                "silverstripe",
                "sydes",
                "symfony",
                "typo3",
                "wordpress",
                "yawik",
                "zend",
                "zikula"
            ],
            "time": "2017-12-29T09:13:20+00:00"
        },
        {
            "name": "greenpeace/planet4-child-theme",
            "version": "dev-develop",
            "source": {
                "type": "git",
                "url": "https://github.com/greenpeace/planet4-child-theme.git",
                "reference": "c99d97cfa2c1a1b264c6f24f3bfc700861db923f"
            },
            "dist": {
                "type": "tar",
                "url": "https://p4-composer-registry.greenpeace.org//dist/greenpeace/planet4-child-theme/greenpeace-planet4-child-theme-c99d97cfa2c1a1b264c6f24f3bfc700861db923f-zip-986da9.tar",
                "reference": "c99d97cfa2c1a1b264c6f24f3bfc700861db923f",
                "shasum": "638ae9e862e13cef7b4bac27b98e7a4bbff316db"
            },
            "require": {
                "wpackagist-plugin/timber-library": "1.5.*"
            },
            "type": "wordpress-theme",
            "extra": {
                "installer-paths": {
                    "../../plugins/{$name}/": [
                        "wpackagist-plugin/*",
                        "type:wordpress-plugin"
                    ]
                }
            },
            "license": [
                "GPL-3.0+"
            ],
            "authors": [
                {
                    "name": "Anselm Hannemann",
                    "email": "ahannema@greenpeace.org",
                    "role": "Front-End Developer"
                }
            ],
            "description": "Exemple child theme for the Planet 4 Wordpress project",
            "support": {
                "issues": "https://github.com/greenpeace/planet4-child-theme/issues",
                "wiki": "https://github.com/greenpeace/planet4-child-theme/wiki",
                "source": "https://github.com/greenpeace/planet4-child-theme"
            },
            "time": "2017-12-19T15:11:21+00:00"
        },
        {
            "name": "greenpeace/planet4-content-default",
            "version": "0.2.12",
            "source": {
                "type": "git",
                "url": "https://github.com/greenpeace/planet4-content-default.git",
                "reference": "bdf974111f9bcb8f917e30b7d6e3651fbbfbc984"
            },
            "dist": {
                "type": "tar",
                "url": "https://api.github.com/repos/greenpeace/planet4-content-default/zipball/bdf974111f9bcb8f917e30b7d6e3651fbbfbc984",
                "reference": "bdf974111f9bcb8f917e30b7d6e3651fbbfbc984",
                "shasum": "92509be82d71ea936db19401fd5e5abd4bc19728"
            },
            "type": "library",
            "scripts": {
                "content-default": [
                    "@php initialize-content.php"
                ]
            },
            "authors": [
                {
                    "name": "koyan",
                    "email": "koyandianthos@gmail.com"
                }
            ],
            "description": "Scripts that control the default content of the default planet4 installation",
            "support": {
                "source": "https://github.com/greenpeace/planet4-content-default/tree/v0.2.12",
                "issues": "https://github.com/greenpeace/planet4-content-default/issues"
            },
            "time": "2017-12-05T08:11:05+00:00"
        },
        {
            "name": "greenpeace/planet4-master-theme",
            "version": "dev-develop",
            "source": {
                "type": "git",
                "url": "https://github.com/greenpeace/planet4-master-theme.git",
                "reference": "cc0a7e3ca2bc1a4a6fc96842e678f23bc325eae8"
            },
            "dist": {
                "type": "tar",
                "url": "https://p4-composer-registry.greenpeace.org//dist/greenpeace/planet4-master-theme/greenpeace-planet4-master-theme-cc0a7e3ca2bc1a4a6fc96842e678f23bc325eae8-zip-459f06.tar",
                "reference": "cc0a7e3ca2bc1a4a6fc96842e678f23bc325eae8",
                "shasum": "b02f705ecc7bfa5a812ea4ee1e28e18576b003b4"
            },
            "require": {
                "wpackagist-plugin/timber-library": "1.5.*"
            },
            "type": "wordpress-theme",
            "extra": {
                "installer-paths": {
                    "../../plugins/{$name}/": [
                        "wpackagist-plugin/*",
                        "type:wordpress-plugin"
                    ]
                }
            },
            "license": [
                "MIT"
            ],
            "authors": [
                {
                    "name": "jarednova",
                    "email": "jared@upstatement.com"
                },
                {
                    "name": "Anselm Hannemann",
                    "email": "ahannema@greenpeace.org",
                    "role": "Front-End Developer"
                },
                {
                    "name": "Ashish Singh",
                    "email": "ashish.singh@greenpeace.org",
                    "role": "Front-End Developer"
                },
                {
                    "name": "Angelos Theodorakopoulos",
                    "email": "angelos.theodorakopoulos@greenpeace.org",
                    "role": "PHP Developer"
                }
            ],
            "description": "Master theme for the Planet 4 Wordpress project",
            "support": {
                "issues": "https://github.com/greenpeace/planet4-master-theme/issues",
                "wiki": "https://github.com/greenpeace/planet4-master-theme/wiki",
                "source": "https://github.com/greenpeace/planet4-master-theme"
            },
            "time": "2018-01-03T13:39:52+00:00"
        },
        {
            "name": "greenpeace/planet4-plugin-blocks",
            "version": "dev-develop",
            "source": {
                "type": "git",
                "url": "https://github.com/greenpeace/planet4-plugin-blocks.git",
                "reference": "8be89330c6ef0b9725cd23158e6dfbacc1042b86"
            },
            "dist": {
                "type": "tar",
                "url": "https://p4-composer-registry.greenpeace.org//dist/greenpeace/planet4-plugin-blocks/greenpeace-planet4-plugin-blocks-8be89330c6ef0b9725cd23158e6dfbacc1042b86-zip-f59896.tar",
                "reference": "8be89330c6ef0b9725cd23158e6dfbacc1042b86",
                "shasum": "446556965846ff1854e68c9fa05a0fc233e0c9bd"
            },
            "require-dev": {
                "dealerdirect/phpcodesniffer-composer-installer": "^0.4.0",
                "frenck/php-compatibility": "^7.1",
                "squizlabs/php_codesniffer": "2.9.*",
                "wp-coding-standards/wpcs": "0.13.*"
            },
            "type": "wordpress-plugin",
            "autoload": {
                "psr-4": {
                    "P4BKS\\": "classes/",
                    "P4BKS\\Controllers\\": "classes/controller/",
                    "P4BKS\\Controllers\\Blocks\\": "classes/controller/blocks",
                    "P4BKS\\Controllers\\Menu\\": "classes/controller/menu"
                }
            },
            "license": [
                "GPL-3"
            ],
            "authors": [
                {
                    "name": "Greenpeace International",
                    "email": "planet4-group@greenpeace.org"
                }
            ],
            "description": "This repository contains the WordPress plugin that provides the blocks to be used with Shortcake UI plugin.",
            "support": {
                "source": "https://github.com/greenpeace/planet4-plugin-blocks/tree/develop",
                "issues": "https://github.com/greenpeace/planet4-plugin-blocks/issues"
            },
            "time": "2018-01-03T12:17:01+00:00"
        },
        {
            "name": "greenpeace/planet4-plugin-engagingnetworks",
            "version": "0.2.9",
            "source": {
                "type": "git",
                "url": "https://github.com/greenpeace/planet4-plugin-engagingnetworks.git",
                "reference": "10f7ad66d1d0ad072198580cbe5bd12f6908d95c"
            },
            "dist": {
                "type": "tar",
                "url": "https://p4-composer-registry.greenpeace.org//dist/greenpeace/planet4-plugin-engagingnetworks/greenpeace-planet4-plugin-engagingnetworks-10f7ad66d1d0ad072198580cbe5bd12f6908d95c-zip-8116cf.tar",
                "reference": "10f7ad66d1d0ad072198580cbe5bd12f6908d95c",
                "shasum": "8802400b470b6f9933648cfb8e9840bcf150b8eb"
            },
            "require-dev": {
                "dealerdirect/phpcodesniffer-composer-installer": "^0.4.0",
                "frenck/php-compatibility": "^7.1",
                "squizlabs/php_codesniffer": "2.9.*",
                "wp-coding-standards/wpcs": "0.13.*"
            },
            "type": "wordpress-plugin",
            "autoload": {
                "psr-4": {
                    "P4EN\\": "classes/",
                    "P4EN\\Controllers\\": "classes/controller/",
                    "P4EN\\Controllers\\Menu\\": "classes/controller/menu",
                    "P4EN\\Models\\": "classes/model/",
                    "P4EN\\Views\\": "classes/view/"
                }
            },
            "license": [
                "GPL-3"
            ],
            "authors": [
                {
                    "name": "Greenpeace International",
                    "email": "planet4-group@greenpeace.org"
                }
            ],
            "description": "This repository contains the wordpress plugin that connects Planet 4 with the Engaging Networks platform.",
            "support": {
                "source": "https://github.com/greenpeace/planet4-plugin-engagingnetworks/tree/master",
                "issues": "https://github.com/greenpeace/planet4-plugin-engagingnetworks/issues"
            },
            "time": "2017-11-28T07:56:38+00:00"
        },
        {
            "name": "greenpeace/planet4-plugin-migrated-urls",
            "version": "0.0.1",
            "source": {
                "type": "git",
                "url": "https://github.com/greenpeace/planet4-plugin-migrated-urls.git",
                "reference": "cbff917c31147e320eaf1ac8cf9ab0d4762e19c0"
            },
            "dist": {
                "type": "tar",
                "url": "https://p4-composer-registry.greenpeace.org//dist/greenpeace/planet4-plugin-migrated-urls/greenpeace-planet4-plugin-migrated-urls-cbff917c31147e320eaf1ac8cf9ab0d4762e19c0-zip-faf3da.tar",
                "reference": "cbff917c31147e320eaf1ac8cf9ab0d4762e19c0",
                "shasum": "9087a3894a5ab7b450c088e03c66ed46336c37a3"
            },
            "type": "wordpress-plugin",
            "license": [
                "GPL-3"
            ],
            "authors": [
                {
                    "name": "Greenpeace International",
                    "email": "planet4-group@greenpeace.org"
                }
            ],
            "description": "This repository contains the WordPress plugin that provides the old and new urls from migrated content from p3 to p4.",
            "time": "2017-10-23T11:56:54+00:00"
        },
        {
            "name": "greenpeace/planet4-plugin-searchwp-upstream",
            "version": "2.9.2",
            "dist": {
                "type": "tar",
                "url": "https://p4-composer-registry.greenpeace.org//dist/greenpeace/planet4-plugin-searchwp-upstream/greenpeace-planet4-plugin-searchwp-upstream-2.9.2.tar",
                "reference": null,
                "shasum": "2e48e9c6f79dbbf1f690caea9a1dec6255ad6361"
            },
            "type": "wordpress-plugin"
        },
        {
            "name": "greenpeace/planet4-plugin-wpimport-upstream",
            "version": "4.4.9",
            "dist": {
                "type": "tar",
                "url": "https://p4-composer-registry.greenpeace.org//dist/greenpeace/planet4-plugin-wpimport-upstream/greenpeace-planet4-plugin-wpimport-upstream-4.4.9.tar",
                "reference": null,
                "shasum": "c484157f527d96aa05557e3f8e5faae8fae2f8b6"
            },
            "type": "wordpress-plugin"
        },
        {
            "name": "greenpeace/planet4-wordpress",
            "version": "4.9.1",
            "source": {
                "type": "git",
                "url": "repositories/planet4-wordpress",
                "reference": "c7a03f81a4160f2409674907e1c11779eef62d05"
            },
            "dist": {
                "type": "tar",
                "url": "https://p4-composer-registry.greenpeace.org//dist/greenpeace/planet4-wordpress/greenpeace-planet4-wordpress-4.9.1-f643d9.tar",
                "reference": "c7a03f81a4160f2409674907e1c11779eef62d05",
                "shasum": "485a1462af4277c3cb9d4713cd22c967fd987843"
            },
            "require": {
                "greenpeace/planet4-wordpress-upstream": "4.9.1"
            },
            "type": "library",
            "time": "2017-11-30T09:02:34+00:00"
        },
        {
            "name": "greenpeace/planet4-wordpress-upstream",
            "version": "4.9.1",
            "source": {
                "type": "svn",
                "url": "https://core.svn.wordpress.org/",
                "reference": "tags/4.9.1"
            },
            "dist": {
                "type": "tar",
                "url": "https://p4-composer-registry.greenpeace.org//dist/greenpeace/planet4-wordpress-upstream/greenpeace-planet4-wordpress-upstream-4.9.1-169bfd.tar",
                "reference": "tags/4.9.1",
                "shasum": "eedf544551ea1efa03f06bfdea2d3c0ca517842e"
            },
            "type": "library"
        },
        {
            "name": "wikimedia/composer-merge-plugin",
            "version": "v1.4.1",
            "source": {
                "type": "git",
                "url": "https://github.com/wikimedia/composer-merge-plugin.git",
                "reference": "81c6ac72a24a67383419c7eb9aa2b3437f2ab100"
            },
            "dist": {
                "type": "zip",
                "url": "https://api.github.com/repos/wikimedia/composer-merge-plugin/zipball/81c6ac72a24a67383419c7eb9aa2b3437f2ab100",
                "reference": "81c6ac72a24a67383419c7eb9aa2b3437f2ab100",
                "shasum": ""
            },
            "require": {
                "composer-plugin-api": "^1.0",
                "php": ">=5.3.2"
            },
            "require-dev": {
                "composer/composer": "~1.0.0",
                "jakub-onderka/php-parallel-lint": "~0.8",
                "phpunit/phpunit": "~4.8|~5.0",
                "squizlabs/php_codesniffer": "~2.1.0"
            },
            "type": "composer-plugin",
            "extra": {
                "branch-alias": {
                    "dev-master": "1.3.x-dev"
                },
                "class": "Wikimedia\\Composer\\MergePlugin"
            },
            "autoload": {
                "psr-4": {
                    "Wikimedia\\Composer\\": "src/"
                }
            },
            "notification-url": "https://packagist.org/downloads/",
            "license": [
                "MIT"
            ],
            "authors": [
                {
                    "name": "Bryan Davis",
                    "email": "bd808@wikimedia.org"
                }
            ],
            "description": "Composer plugin to merge multiple composer.json files",
            "time": "2017-04-25T02:31:25+00:00"
        },
        {
            "name": "wpackagist-plugin/cmb2",
            "version": "2.3.0",
            "source": {
                "type": "svn",
                "url": "https://plugins.svn.wordpress.org/cmb2/",
                "reference": "trunk"
            },
            "dist": {
                "type": "zip",
                "url": "https://downloads.wordpress.org/plugin/cmb2.zip?timestamp=1513780345",
                "reference": null,
                "shasum": null
            },
            "require": {
                "composer/installers": "~1.0"
            },
            "type": "wordpress-plugin",
            "homepage": "https://wordpress.org/plugins/cmb2/"
        },
        {
            "name": "wpackagist-plugin/google-apps-login",
            "version": "3.2",
            "source": {
                "type": "svn",
                "url": "https://plugins.svn.wordpress.org/google-apps-login/",
                "reference": "tags/3.2"
            },
            "dist": {
                "type": "zip",
                "url": "https://downloads.wordpress.org/plugin/google-apps-login.3.2.zip",
                "reference": null,
                "shasum": null
            },
            "require": {
                "composer/installers": "~1.0"
            },
            "type": "wordpress-plugin",
            "homepage": "https://wordpress.org/plugins/google-apps-login/"
        },
        {
            "name": "wpackagist-plugin/nginx-helper",
            "version": "1.9.10",
            "source": {
                "type": "svn",
                "url": "https://plugins.svn.wordpress.org/nginx-helper/",
                "reference": "tags/1.9.10"
            },
            "dist": {
                "type": "zip",
                "url": "https://downloads.wordpress.org/plugin/nginx-helper.1.9.10.zip",
                "reference": null,
                "shasum": null
            },
            "require": {
                "composer/installers": "~1.0"
            },
            "type": "wordpress-plugin",
            "homepage": "https://wordpress.org/plugins/nginx-helper/"
        },
        {
            "name": "wpackagist-plugin/shortcode-ui",
            "version": "0.7.3",
            "source": {
                "type": "svn",
                "url": "https://plugins.svn.wordpress.org/shortcode-ui/",
                "reference": "tags/0.7.3"
            },
            "dist": {
                "type": "zip",
                "url": "https://downloads.wordpress.org/plugin/shortcode-ui.0.7.3.zip",
                "reference": null,
                "shasum": null
            },
            "require": {
                "composer/installers": "~1.0"
            },
            "type": "wordpress-plugin",
            "homepage": "https://wordpress.org/plugins/shortcode-ui/"
        },
        {
            "name": "wpackagist-plugin/timber-library",
            "version": "1.5.2",
            "source": {
                "type": "svn",
                "url": "https://plugins.svn.wordpress.org/timber-library/",
                "reference": "tags/1.5.2"
            },
            "dist": {
                "type": "zip",
                "url": "https://downloads.wordpress.org/plugin/timber-library.1.5.2.zip",
                "reference": null,
                "shasum": null
            },
            "require": {
                "composer/installers": "~1.0"
            },
            "type": "wordpress-plugin",
            "homepage": "https://wordpress.org/plugins/timber-library/"
        },
        {
            "name": "wpackagist-plugin/wp-redis",
            "version": "0.7.0",
            "source": {
                "type": "svn",
                "url": "https://plugins.svn.wordpress.org/wp-redis/",
                "reference": "tags/0.7.0"
            },
            "dist": {
                "type": "zip",
                "url": "https://downloads.wordpress.org/plugin/wp-redis.0.7.0.zip",
                "reference": null,
                "shasum": null
            },
            "require": {
                "composer/installers": "~1.0"
            },
            "type": "wordpress-plugin",
            "homepage": "https://wordpress.org/plugins/wp-redis/"
        },
        {
            "name": "wpackagist-plugin/wp-stateless",
            "version": "2.1.1",
            "source": {
                "type": "svn",
                "url": "https://plugins.svn.wordpress.org/wp-stateless/",
                "reference": "tags/2.1.1"
            },
            "dist": {
                "type": "zip",
                "url": "https://downloads.wordpress.org/plugin/wp-stateless.2.1.1.zip",
                "reference": null,
                "shasum": null
            },
            "require": {
                "composer/installers": "~1.0"
            },
            "type": "wordpress-plugin",
            "homepage": "https://wordpress.org/plugins/wp-stateless/"
        }
    ],
    "packages-dev": [],
    "aliases": [],
    "minimum-stability": "stable",
    "stability-flags": {
        "greenpeace/planet4-child-theme": 20,
        "greenpeace/planet4-master-theme": 20,
        "greenpeace/planet4-plugin-blocks": 20
    },
    "prefer-stable": false,
    "prefer-lowest": false,
    "platform": [],
    "platform-dev": []
}
