{
    "_readme": [
        "This file locks the dependencies of your project to a known state",
        "Read more about it at https://getcomposer.org/doc/01-basic-usage.md#composer-lock-the-lock-file",
        "This file is @generated automatically"
    ],
    "content-hash": "128868da57ee31ea473b53a095007840",
    "packages": [
        {
            "name": "cmb2/cmb2",
            "version": "v2.2.6",
            "source": {
                "type": "git",
                "url": "https://github.com/CMB2/CMB2.git",
                "reference": "f608b53ad5085d79dc02a46176bbdcff703b8edf"
            },
            "dist": {
                "type": "tar",
                "url": "https://p4-composer-registry.greenpeace.org//dist/cmb2/cmb2/cmb2-cmb2-f608b53ad5085d79dc02a46176bbdcff703b8edf-zip-867757.tar",
                "reference": "f608b53ad5085d79dc02a46176bbdcff703b8edf",
                "shasum": "1a6ea1fb415d04032185d2d41f30ae35f4d9e7d7"
            },
            "require": {
                "php": ">5.2.4"
            },
            "require-dev": {
                "phpunit/phpunit": "3.7.*"
            },
            "suggest": {
                "composer/installers": "~1.0"
            },
            "type": "wordpress-plugin",
            "license": [
                "GPL-2.0+"
            ],
            "authors": [
                {
                    "name": "Justin Sternberg",
                    "email": "justin@dsgnwrks.pro",
                    "homepage": "https://dsgnwrks.pro",
                    "role": "Developer"
                },
                {
                    "name": "WebDevStudios",
                    "email": "contact@webdevstudios.com",
                    "homepage": "https://github.com/WebDevStudios",
                    "role": "Developer"
                },
                {
                    "name": "Zao",
                    "email": "office@zao.com",
                    "homepage": "http://zao.is",
                    "role": "Developer"
                }
            ],
            "description": "CMB2 is a metabox, custom fields, and forms library for WordPress that will blow your mind.",
            "homepage": "https://github.com/CMB2/CMB2",
            "keywords": [
                "metabox",
                "plugin",
                "wordpress"
            ],
            "support": {
                "issues": "https://github.com/CMB2/CMB2/issues",
                "source": "http://wordpress.org/support/plugin/cmb2"
            },
            "time": "2017-11-14T18:09:46+00:00"
        },
        {
            "name": "composer/installers",
            "version": "v1.4.0",
            "source": {
                "type": "git",
                "url": "https://github.com/composer/installers.git",
                "reference": "9ce17fb70e9a38dd8acff0636a29f5cf4d575c1b"
            },
            "dist": {
                "type": "zip",
                "url": "https://api.github.com/repos/composer/installers/zipball/9ce17fb70e9a38dd8acff0636a29f5cf4d575c1b",
                "reference": "9ce17fb70e9a38dd8acff0636a29f5cf4d575c1b",
                "shasum": ""
            },
            "require": {
                "composer-plugin-api": "^1.0"
            },
            "replace": {
                "roundcube/plugin-installer": "*",
                "shama/baton": "*"
            },
            "require-dev": {
                "composer/composer": "1.0.*@dev",
                "phpunit/phpunit": "4.1.*"
            },
            "type": "composer-plugin",
            "extra": {
                "class": "Composer\\Installers\\Plugin",
                "branch-alias": {
                    "dev-master": "1.0-dev"
                }
            },
            "autoload": {
                "psr-4": {
                    "Composer\\Installers\\": "src/Composer/Installers"
                }
            },
            "notification-url": "https://packagist.org/downloads/",
            "license": [
                "MIT"
            ],
            "authors": [
                {
                    "name": "Kyle Robinson Young",
                    "email": "kyle@dontkry.com",
                    "homepage": "https://github.com/shama"
                }
            ],
            "description": "A multi-framework Composer library installer",
            "homepage": "https://composer.github.io/installers/",
            "keywords": [
                "Craft",
                "Dolibarr",
                "Eliasis",
                "Hurad",
                "ImageCMS",
                "Kanboard",
                "Lan Management System",
                "MODX Evo",
                "Mautic",
                "Maya",
                "OXID",
                "Plentymarkets",
                "Porto",
                "RadPHP",
                "SMF",
                "Thelia",
                "WolfCMS",
                "agl",
                "aimeos",
                "annotatecms",
                "attogram",
                "bitrix",
                "cakephp",
                "chef",
                "cockpit",
                "codeigniter",
                "concrete5",
                "croogo",
                "dokuwiki",
                "drupal",
                "eZ Platform",
                "elgg",
                "expressionengine",
                "fuelphp",
                "grav",
                "installer",
                "itop",
                "joomla",
                "kohana",
                "laravel",
                "lavalite",
                "lithium",
                "magento",
                "mako",
                "mediawiki",
                "modulework",
                "moodle",
                "osclass",
                "phpbb",
                "piwik",
                "ppi",
                "puppet",
                "reindex",
                "roundcube",
                "shopware",
                "silverstripe",
                "sydes",
                "symfony",
                "typo3",
                "wordpress",
                "yawik",
                "zend",
                "zikula"
            ],
            "time": "2017-08-09T07:53:48+00:00"
        },
        {
            "name": "fusioneng/shortcake",
            "version": "v0.7.3",
            "source": {
                "type": "git",
                "url": "https://github.com/wp-shortcake/shortcake.git",
                "reference": "9f9a36af0bfb70a4a3008b443f35a63610e07dd6"
            },
            "dist": {
                "type": "tar",
                "url": "https://p4-composer-registry.greenpeace.org//dist/fusioneng/shortcake/fusioneng-shortcake-9f9a36af0bfb70a4a3008b443f35a63610e07dd6-zip-079a4c.tar",
                "reference": "9f9a36af0bfb70a4a3008b443f35a63610e07dd6",
                "shasum": "83912c65b069e4d4c6fe050932e8959d178a7e93"
            },
            "require-dev": {
                "squizlabs/php_codesniffer": "2.9.*",
                "wp-coding-standards/wpcs": "dev-develop"
            },
            "type": "wordpress-plugin",
            "scripts": {
                "post-install-cmd": [
                    "\"vendor/bin/phpcs\" --config-set installed_paths vendor/wp-coding-standards/wpcs"
                ],
                "post-update-cmd": [
                    "\"vendor/bin/phpcs\" --config-set installed_paths vendor/wp-coding-standards/wpcs"
                ]
            },
            "license": [
                "GPL-2.0+"
            ],
            "authors": [
                {
                    "name": "Fusion",
                    "email": "tech@fusion.net",
                    "homepage": "http://fusion.net"
                }
            ],
            "description": "Shortcake makes using WordPress shortcodes a piece of cake.",
            "homepage": "https://github.com/fusioneng/Shortcake",
            "support": {
                "source": "https://github.com/wp-shortcake/shortcake/tree/v0.7.3",
                "issues": "https://github.com/wp-shortcake/shortcake/issues"
            },
            "time": "2017-09-12T20:39:15+00:00"
        },
        {
            "name": "greenpeace/planet4-automatic-jetpack",
            "version": "5.5",
            "source": {
                "type": "git",
                "url": "repositories/planet4-automatic-jetpack",
                "reference": "efbb809f39e3a228bcb360c663cdddf90e551f8b"
            },
            "dist": {
                "type": "tar",
                "url": "https://p4-composer-registry.greenpeace.org//dist/greenpeace/planet4-automatic-jetpack/greenpeace-planet4-automatic-jetpack-5.5-a4c758.tar",
                "reference": "efbb809f39e3a228bcb360c663cdddf90e551f8b",
                "shasum": "14100f713655166e3b784e26ec679cc619ce1fb2"
            },
            "require": {
                "greenpeace/planet4-automatic-jetpack-upstream": "5.5"
            },
            "type": "library",
            "license": [
                "GPL-2"
            ],
            "description": "This repository contains the 3rd party plugin automatic jetpack. Its full repository is at https://github.com/Automattic/jetpack/",
            "time": "2017-11-10T10:47:13+00:00"
        },
        {
            "name": "greenpeace/planet4-automatic-jetpack-upstream",
            "version": "5.5",
            "dist": {
                "type": "tar",
                "url": "https://p4-composer-registry.greenpeace.org//dist/greenpeace/planet4-automatic-jetpack-upstream/greenpeace-planet4-automatic-jetpack-upstream-5.5.tar",
                "reference": null,
                "shasum": "3e37f1ce2b6734cae36146c6c2c81963c1d11c02"
            },
            "type": "wordpress-plugin"
        },
        {
            "name": "greenpeace/planet4-child-theme",
            "version": "dev-develop",
            "source": {
                "type": "git",
                "url": "https://github.com/greenpeace/planet4-child-theme.git",
                "reference": "4907c7982e76d4a0719bcb2ca059140dff574164"
            },
            "dist": {
                "type": "tar",
                "url": "https://p4-composer-registry.greenpeace.org//dist/greenpeace/planet4-child-theme/greenpeace-planet4-child-theme-4907c7982e76d4a0719bcb2ca059140dff574164-zip-2f58ad.tar",
                "reference": "4907c7982e76d4a0719bcb2ca059140dff574164",
                "shasum": "fd08614a58df010034061a550dfafc6a944baafe"
            },
            "require": {
                "wpackagist-plugin/timber-library": "1.5.*"
            },
            "type": "wordpress-theme",
            "extra": {
                "installer-paths": {
                    "../../plugins/{$name}/": [
                        "wpackagist-plugin/*",
                        "type:wordpress-plugin"
                    ]
                }
            },
            "license": [
                "GPL-3.0+"
            ],
            "authors": [
                {
                    "name": "Anselm Hannemann",
                    "email": "ahannema@greenpeace.org",
                    "role": "Front-End Developer"
                }
            ],
            "description": "Exemple child theme for the Planet 4 Wordpress project",
            "support": {
                "issues": "https://github.com/greenpeace/planet4-child-theme/issues",
                "wiki": "https://github.com/greenpeace/planet4-child-theme/wiki",
                "source": "https://github.com/greenpeace/planet4-child-theme"
            },
            "time": "2017-10-18T16:59:44+00:00"
        },
        {
            "name": "greenpeace/planet4-content-default",
            "version": "0.2.11",
            "source": {
                "type": "git",
                "url": "https://github.com/greenpeace/planet4-content-default.git",
                "reference": "b44db3e3a53c88a90f8d473a3e1cd46c8768bba4"
            },
            "dist": {
                "type": "tar",
                "url": "https://p4-composer-registry.greenpeace.org//dist/greenpeace/planet4-content-default/greenpeace-planet4-content-default-b44db3e3a53c88a90f8d473a3e1cd46c8768bba4-zip-deb6ff.tar",
                "reference": "b44db3e3a53c88a90f8d473a3e1cd46c8768bba4",
                "shasum": "42c109088cddaa96dfb41118c5ba66223cb02bd6"
            },
            "type": "library",
            "scripts": {
                "content-default": [
                    "@core:initial-content-1",
                    "@core:initial-content-2",
                    "@core:initial-content-3",
                    "@core:initial-content-4",
                    "@core:initial-content-5",
                    "@core:initial-content-6",
                    "@core:initial-content-7",
                    "@core:initial-content-8",
                    "@core:initial-content-9",
                    "@core:initial-content-10",
                    "@core:initial-content-11",
                    "@core:initial-content-12",
                    "@core:initial-content-13",
                    "@core:initial-content-14",
                    "@core:initial-content-15",
                    "@core:initial-content-16",
                    "@core:initial-content-17",
                    "@core:initial-content-18",
                    "@core:initial-content-19",
                    "@core:initial-content-20",
                    "@core:initial-content-21",
                    "@core:initial-content-22",
                    "@core:initial-content-23",
                    "@core:initial-content-24",
                    "@core:initial-content-25",
                    "@core:initial-content-26",
                    "@core:initial-content-27",
                    "@core:initial-content-28",
                    "@core:initial-content-29",
                    "@core:initial-content-30",
                    "@core:initial-content-31"
                ],
                "core:initial-content-1": [
                    "wp post create --post_type=page --post_title=ACT --post_name=act --post_status=publish page-act.html"
                ],
                "core:initial-content-2": [
                    "wp post create --post_type=page --post_title=EXPLORE --post_name=explore --post_status=publish page-explore.html"
                ],
                "core:initial-content-3": [
                    "wp menu create \"Navigation Bar Menu\""
                ],
                "core:initial-content-4": [
                    "wp menu location assign navigation-bar-menu navigation-bar-menu"
                ],
                "core:initial-content-5": [
                    "idd=$(wp post list --post_type=page --title=act --field=ID | head -1); wp menu item add-post navigation-bar-menu $idd --classes=\"hidden-md-down hidden-lg-down\""
                ],
                "core:initial-content-6": [
                    "idd=$(wp post list --post_type=page --title=explore --field=ID | head -1); wp menu item add-post navigation-bar-menu $idd --classes=\"hidden-md-down hidden-lg-down\""
                ],
                "core:initial-content-7": [
                    "wp menu create \"Footer Social\""
                ],
                "core:initial-content-8": [
                    "wp menu item add-custom \"Footer Social\" Twitter http://twitter.com --position=1 --classes=\"fa fa-twitter\""
                ],
                "core:initial-content-9": [
                    "wp menu item add-custom \"Footer Social\" Facebook http://facebook.com --position=2 --classes=\"fa fa-facebook-official\""
                ],
                "core:initial-content-10": [
                    "wp menu item add-custom \"Footer Social\" Youtube http://youtube.com --position=3 --classes=\"fa fa-youtube-play\""
                ],
                "core:initial-content-11": [
                    "wp menu item add-custom \"Footer Social\" Instagram http://instagram.com --position=4 --classes=\"fa fa-instagram\""
                ],
                "core:initial-content-12": [
                    "wp post create --post_type=page --post_title=NEWS --post_name=news --post_status=publish page-news.html"
                ],
                "core:initial-content-13": [
                    "wp post create --post_type=page --post_title=ABOUT --post_name=about --post_status=publish page-about.html"
                ],
                "core:initial-content-14": [
                    "wp post create --post_type=page --post_title=FAQ --post_name=faq --post_status=publish page-faq.html"
                ],
                "core:initial-content-15": [
                    "wp post create --post_type=page --post_title=PRESS --post_name=press --post_status=publish page-press.html"
                ],
                "core:initial-content-16": [
                    "wp post create --post_type=page --post_title=TERMS --post_name=terms --post_status=publish page-terms.html"
                ],
                "core:initial-content-17": [
                    "wp menu create \"Footer Primary\""
                ],
                "core:initial-content-18": [
                    "idd=$(wp post list --post_type=page --title=news --field=ID | head -1);wp menu item add-post \"Footer Primary\" $idd --title=\"NEWS\" --position=1"
                ],
                "core:initial-content-19": [
                    "idd=$(wp post list --post_type=page --title=about --field=ID | head -1);wp menu item add-post \"Footer Primary\" $idd --title=\"ABOUT\" --position=2"
                ],
                "core:initial-content-20": [
                    "idd=$(wp post list --post_type=page --title=faq --field=ID | head -1);wp menu item add-post \"Footer Primary\" $idd --title=\"JOBS\" --position=3"
                ],
                "core:initial-content-21": [
                    "idd=$(wp post list --post_type=page --title=press --field=ID | head -1);wp menu item add-post \"Footer Primary\" $idd --title=\"FAQ\" --position=4"
                ],
                "core:initial-content-22": [
                    "idd=$(wp post list --post_type=page --title=terms --field=ID | head -1);wp menu item add-post \"Footer Primary\" $idd --title=\"PRESS\" --position=5"
                ],
                "core:initial-content-23": [
                    "wp post create --post_type=page --post_title=PRIVACY --post_name=privacy --post_status=publish page-privacy.html"
                ],
                "core:initial-content-24": [
                    "wp post create --post_type=page --post_title=\"CODE OF CONDUCT\" --post_name=codeofconduct --post_status=publish page-code-of-conduct.html"
                ],
                "core:initial-content-25": [
                    "wp post create --post_type=page --post_title=JOBS --post_name=jobs --post_status=publish page-jobs.html"
                ],
                "core:initial-content-26": [
                    "wp menu create \"Footer Secondary\""
                ],
                "core:initial-content-27": [
                    "idd=$(wp post list --post_type=page --title=privacy --field=ID | head -1);wp menu item add-post \"Footer Secondary\" $idd --title=\"PRIVACY\" --position=1"
                ],
                "core:initial-content-28": [
                    "idd=$(wp post list --post_type=page --name=codeofconduct --field=ID | head -1);wp menu item add-post \"Footer Secondary\" $idd --title=\"CODE OF CONDUCT\" --position=2"
                ],
                "core:initial-content-30": [
                    "wp option update copyright \"Unless otherwise stated, the content on this website is licensed under a <a href=\"https://creativecommons.org/share-your-work/public-domain/cc0\">CC0 International License</a>\""
                ],
                "core:initial-content-31": [
                    "wp option update date_format 'j F Y'"
                ]
            },
            "authors": [
                {
                    "name": "koyan",
                    "email": "koyandianthos@gmail.com"
                }
            ],
            "description": "Scripts that control the default content of the default planet4 installation",
            "support": {
                "source": "https://github.com/greenpeace/planet4-content-default/tree/v0.2.11",
                "issues": "https://github.com/greenpeace/planet4-content-default/issues"
            },
            "time": "2017-11-14T12:56:02+00:00"
        },
        {
            "name": "greenpeace/planet4-master-theme",
            "version": "dev-develop",
            "source": {
                "type": "git",
                "url": "https://github.com/greenpeace/planet4-master-theme.git",
                "reference": "3b7b1f28dcdd4bf5f74f83b86d7c3eacd8358d0e"
            },
            "dist": {
                "type": "tar",
                "url": "https://p4-composer-registry.greenpeace.org//dist/greenpeace/planet4-master-theme/greenpeace-planet4-master-theme-3b7b1f28dcdd4bf5f74f83b86d7c3eacd8358d0e-zip-3cb528.tar",
                "reference": "3b7b1f28dcdd4bf5f74f83b86d7c3eacd8358d0e",
                "shasum": "fbc2cb87f571237256aa7f378eaa8945b13349c8"
            },
            "require": {
                "wpackagist-plugin/timber-library": "1.5.*"
            },
            "type": "wordpress-theme",
            "extra": {
                "installer-paths": {
                    "../../plugins/{$name}/": [
                        "wpackagist-plugin/*",
                        "type:wordpress-plugin"
                    ]
                }
            },
            "license": [
                "MIT"
            ],
            "authors": [
                {
                    "name": "jarednova",
                    "email": "jared@upstatement.com"
                },
                {
                    "name": "Anselm Hannemann",
                    "email": "ahannema@greenpeace.org",
                    "role": "Front-End Developer"
                },
                {
                    "name": "Ashish Singh",
                    "email": "ashish.singh@greenpeace.org",
                    "role": "Front-End Developer"
                },
                {
                    "name": "Angelos Theodorakopoulos",
                    "email": "angelos.theodorakopoulos@greenpeace.org",
                    "role": "PHP Developer"
                }
            ],
            "description": "Master theme for the Planet 4 Wordpress project",
            "support": {
                "issues": "https://github.com/greenpeace/planet4-master-theme/issues",
                "wiki": "https://github.com/greenpeace/planet4-master-theme/wiki",
                "source": "https://github.com/greenpeace/planet4-master-theme"
            },
            "time": "2017-11-29T11:47:57+00:00"
        },
        {
            "name": "greenpeace/planet4-plugin-blocks",
            "version": "dev-develop",
            "source": {
                "type": "git",
                "url": "https://github.com/greenpeace/planet4-plugin-blocks.git",
                "reference": "8bbd53e2d9630f51e8df3bb8120cbc36b4f9feb8"
            },
            "dist": {
                "type": "tar",
                "url": "https://p4-composer-registry.greenpeace.org//dist/greenpeace/planet4-plugin-blocks/greenpeace-planet4-plugin-blocks-8bbd53e2d9630f51e8df3bb8120cbc36b4f9feb8-zip-2032fd.tar",
                "reference": "8bbd53e2d9630f51e8df3bb8120cbc36b4f9feb8",
                "shasum": "d043b23cd1ca31b7c0575e110a12c4498cfd22e0"
            },
            "require-dev": {
                "dealerdirect/phpcodesniffer-composer-installer": "^0.4.0",
                "frenck/php-compatibility": "^7.1",
                "squizlabs/php_codesniffer": "2.9.*",
                "wp-coding-standards/wpcs": "0.13.*"
            },
            "type": "wordpress-plugin",
            "autoload": {
                "psr-4": {
                    "P4BKS\\": "classes/",
                    "P4BKS\\Controllers\\": "classes/controller/",
                    "P4BKS\\Controllers\\Blocks\\": "classes/controller/blocks",
                    "P4BKS\\Controllers\\Menu\\": "classes/controller/menu"
                }
            },
            "license": [
                "GPL-3"
            ],
            "authors": [
                {
                    "name": "Greenpeace International",
                    "email": "planet4-group@greenpeace.org"
                }
            ],
            "description": "This repository contains the WordPress plugin that provides the blocks to be used with Shortcake UI plugin.",
            "support": {
                "source": "https://github.com/greenpeace/planet4-plugin-blocks/tree/develop",
                "issues": "https://github.com/greenpeace/planet4-plugin-blocks/issues"
            },
            "time": "2017-11-29T13:51:35+00:00"
        },
        {
            "name": "greenpeace/planet4-plugin-engagingnetworks",
            "version": "0.2.9",
            "source": {
                "type": "git",
                "url": "https://github.com/greenpeace/planet4-plugin-engagingnetworks.git",
                "reference": "10f7ad66d1d0ad072198580cbe5bd12f6908d95c"
            },
            "dist": {
                "type": "tar",
                "url": "https://p4-composer-registry.greenpeace.org//dist/greenpeace/planet4-plugin-engagingnetworks/greenpeace-planet4-plugin-engagingnetworks-10f7ad66d1d0ad072198580cbe5bd12f6908d95c-zip-8116cf.tar",
                "reference": "10f7ad66d1d0ad072198580cbe5bd12f6908d95c",
                "shasum": "8802400b470b6f9933648cfb8e9840bcf150b8eb"
            },
            "require-dev": {
                "dealerdirect/phpcodesniffer-composer-installer": "^0.4.0",
                "frenck/php-compatibility": "^7.1",
                "squizlabs/php_codesniffer": "2.9.*",
                "wp-coding-standards/wpcs": "0.13.*"
            },
            "type": "wordpress-plugin",
            "autoload": {
                "psr-4": {
                    "P4EN\\": "classes/",
                    "P4EN\\Controllers\\": "classes/controller/",
                    "P4EN\\Controllers\\Menu\\": "classes/controller/menu",
                    "P4EN\\Models\\": "classes/model/",
                    "P4EN\\Views\\": "classes/view/"
                }
            },
            "license": [
                "GPL-3"
            ],
            "authors": [
                {
                    "name": "Greenpeace International",
                    "email": "planet4-group@greenpeace.org"
                }
            ],
            "description": "This repository contains the wordpress plugin that connects Planet 4 with the Engaging Networks platform.",
            "support": {
                "source": "https://github.com/greenpeace/planet4-plugin-engagingnetworks/tree/master",
                "issues": "https://github.com/greenpeace/planet4-plugin-engagingnetworks/issues"
            },
            "time": "2017-11-28T07:56:38+00:00"
        },
        {
            "name": "greenpeace/planet4-plugin-google-apps-login-upstream",
            "version": "3.2",
            "dist": {
                "type": "tar",
                "url": "https://p4-composer-registry.greenpeace.org//dist/greenpeace/planet4-plugin-google-apps-login-upstream/greenpeace-planet4-plugin-google-apps-login-upstream-3.2.tar",
                "reference": null,
                "shasum": "df0d56eef81c6e9625853ccde41587a14671130e"
            },
            "type": "wordpress-plugin"
        },
        {
            "name": "greenpeace/planet4-plugin-images",
            "version": "v0.1",
            "source": {
                "type": "git",
                "url": "https://github.com/greenpeace/planet4-plugin-images.git",
                "reference": "3e461afd0242f07159b3d448a3d807acff0e7860"
            },
            "dist": {
                "type": "tar",
                "url": "https://p4-composer-registry.greenpeace.org//dist/greenpeace/planet4-plugin-images/greenpeace-planet4-plugin-images-3e461afd0242f07159b3d448a3d807acff0e7860-zip-f98bac.tar",
                "reference": "3e461afd0242f07159b3d448a3d807acff0e7860",
                "shasum": "5ec1f25dba996821c2027a7221bd71c3fa4fbe76"
            },
            "type": "wordpress-plugin",
            "license": [
                "GPL-3.0"
            ],
            "description": "This plugin defines the different sizes of the images to be generated by automatic/jetpack thumbnail generator.",
            "support": {
                "source": "https://github.com/greenpeace/planet4-plugin-images/tree/v0.1",
                "issues": "https://github.com/greenpeace/planet4-plugin-images/issues"
            },
            "time": "2017-11-09T10:02:55+00:00"
        },
        {
            "name": "greenpeace/planet4-plugin-migrated-urls",
            "version": "0.0.1",
            "source": {
                "type": "git",
                "url": "https://github.com/greenpeace/planet4-plugin-migrated-urls.git",
                "reference": "cbff917c31147e320eaf1ac8cf9ab0d4762e19c0"
            },
            "dist": {
                "type": "tar",
                "url": "https://p4-composer-registry.greenpeace.org//dist/greenpeace/planet4-plugin-migrated-urls/greenpeace-planet4-plugin-migrated-urls-cbff917c31147e320eaf1ac8cf9ab0d4762e19c0-zip-faf3da.tar",
                "reference": "cbff917c31147e320eaf1ac8cf9ab0d4762e19c0",
                "shasum": "9087a3894a5ab7b450c088e03c66ed46336c37a3"
            },
            "type": "wordpress-plugin",
            "license": [
                "GPL-3"
            ],
            "authors": [
                {
                    "name": "Greenpeace International",
                    "email": "planet4-group@greenpeace.org"
                }
            ],
            "description": "This repository contains the WordPress plugin that provides the old and new urls from migrated content from p3 to p4.",
            "support": {
                "source": "https://github.com/greenpeace/planet4-plugin-migrated-urls/tree/v0.0.1",
                "issues": "https://github.com/greenpeace/planet4-plugin-migrated-urls/issues"
            },
            "time": "2017-10-23T11:56:54+00:00"
        },
        {
            "name": "greenpeace/planet4-plugin-searchwp-upstream",
            "version": "2.8.17.2",
            "dist": {
                "type": "tar",
                "url": "https://p4-composer-registry.greenpeace.org//dist/greenpeace/planet4-plugin-searchwp-upstream/greenpeace-planet4-plugin-searchwp-upstream-2.8.17.2.tar",
                "reference": null,
                "shasum": "147213cd5a6359951ed3168127293ec620280ba5"
            },
            "type": "wordpress-plugin"
        },
        {
            "name": "greenpeace/planet4-plugin-wpimport-upstream",
            "version": "4.4.9",
            "dist": {
                "type": "tar",
                "url": "https://p4-composer-registry.greenpeace.org//dist/greenpeace/planet4-plugin-wpimport-upstream/greenpeace-planet4-plugin-wpimport-upstream-4.4.9.tar",
                "reference": null,
                "shasum": "c484157f527d96aa05557e3f8e5faae8fae2f8b6"
            },
            "type": "wordpress-plugin"
        },
        {
            "name": "greenpeace/planet4-wordpress",
            "version": "4.9.1",
            "source": {
                "type": "git",
                "url": "repositories/planet4-wordpress",
                "reference": "c7a03f81a4160f2409674907e1c11779eef62d05"
            },
            "dist": {
                "type": "tar",
                "url": "https://p4-composer-registry.greenpeace.org//dist/greenpeace/planet4-wordpress/greenpeace-planet4-wordpress-4.9.1-f643d9.tar",
                "reference": "c7a03f81a4160f2409674907e1c11779eef62d05",
                "shasum": "485a1462af4277c3cb9d4713cd22c967fd987843"
            },
            "require": {
                "greenpeace/planet4-wordpress-upstream": "4.9.1"
            },
            "type": "library",
            "time": "2017-11-30T09:02:34+00:00"
        },
        {
            "name": "greenpeace/planet4-wordpress-upstream",
            "version": "4.9.1",
            "source": {
                "type": "svn",
                "url": "https://core.svn.wordpress.org/",
                "reference": "tags/4.9.1"
            },
            "dist": {
                "type": "tar",
                "url": "https://p4-composer-registry.greenpeace.org//dist/greenpeace/planet4-wordpress-upstream/greenpeace-planet4-wordpress-upstream-4.9.1-169bfd.tar",
                "reference": "tags/4.9.1",
                "shasum": "eedf544551ea1efa03f06bfdea2d3c0ca517842e"
            },
            "type": "library"
        },
        {
            "name": "greenpeace/planet4-wpcom-thumbnail-editor",
            "version": "v0.0.1",
            "source": {
                "type": "git",
                "url": "https://github.com/greenpeace/planet4-wpcom-thumbnail-editor.git",
                "reference": "29d39475d4a593dd7b38e1d6f61d43457e971c2c"
            },
            "dist": {
                "type": "tar",
                "url": "https://p4-composer-registry.greenpeace.org//dist/greenpeace/planet4-wpcom-thumbnail-editor/greenpeace-planet4-wpcom-thumbnail-editor-29d39475d4a593dd7b38e1d6f61d43457e971c2c-zip-504e3e.tar",
                "reference": "29d39475d4a593dd7b38e1d6f61d43457e971c2c",
                "shasum": "a5c00f463a72cb19d9321e0028eda018bed89008"
            },
            "type": "wordpress-plugin",
            "license": [
                "GPL-3.0"
            ],
            "description": "This repository is a fork of the automatic/wpcom-thumbnail-editor used in wordpress.com.",
            "support": {
                "source": "https://github.com/greenpeace/planet4-wpcom-thumbnail-editor/tree/v0.0.1"
            },
            "time": "2017-11-09T09:14:50+00:00"
        },
        {
            "name": "wpackagist-plugin/nginx-helper",
            "version": "1.9.10",
            "source": {
                "type": "svn",
                "url": "https://plugins.svn.wordpress.org/nginx-helper/",
                "reference": "tags/1.9.10"
            },
            "dist": {
                "type": "zip",
                "url": "https://downloads.wordpress.org/plugin/nginx-helper.1.9.10.zip",
                "reference": null,
                "shasum": null
            },
            "require": {
                "composer/installers": "~1.0"
            },
            "type": "wordpress-plugin",
            "homepage": "https://wordpress.org/plugins/nginx-helper/"
        },
        {
            "name": "wpackagist-plugin/timber-library",
            "version": "1.5.2",
            "source": {
                "type": "svn",
                "url": "https://plugins.svn.wordpress.org/timber-library/",
                "reference": "tags/1.5.2"
            },
            "dist": {
                "type": "zip",
                "url": "https://downloads.wordpress.org/plugin/timber-library.1.5.2.zip",
                "reference": null,
                "shasum": null
            },
            "require": {
                "composer/installers": "~1.0"
            },
            "type": "wordpress-plugin",
            "homepage": "https://wordpress.org/plugins/timber-library/"
        },
        {
            "name": "wpackagist-plugin/wp-redis",
            "version": "0.7.0",
            "source": {
                "type": "svn",
                "url": "https://plugins.svn.wordpress.org/wp-redis/",
                "reference": "tags/0.7.0"
            },
            "dist": {
                "type": "zip",
                "url": "https://downloads.wordpress.org/plugin/wp-redis.0.7.0.zip",
                "reference": null,
                "shasum": null
            },
            "require": {
                "composer/installers": "~1.0"
            },
            "type": "wordpress-plugin",
            "homepage": "https://wordpress.org/plugins/wp-redis/"
        },
        {
            "name": "wpackagist-plugin/wp-stateless",
            "version": "2.1.1",
            "source": {
                "type": "svn",
                "url": "https://plugins.svn.wordpress.org/wp-stateless/",
                "reference": "tags/2.1.1"
            },
            "dist": {
                "type": "zip",
                "url": "https://downloads.wordpress.org/plugin/wp-stateless.2.1.1.zip",
                "reference": null,
                "shasum": null
            },
            "require": {
                "composer/installers": "~1.0"
            },
            "type": "wordpress-plugin",
            "homepage": "https://wordpress.org/plugins/wp-stateless/"
        }
    ],
    "packages-dev": [],
    "aliases": [],
    "minimum-stability": "stable",
    "stability-flags": {
        "greenpeace/planet4-child-theme": 20,
        "greenpeace/planet4-master-theme": 20,
        "greenpeace/planet4-plugin-blocks": 20
    },
    "prefer-stable": false,
    "prefer-lowest": false,
    "platform": [],
    "platform-dev": []
}
