{
    "_readme": [
        "This file locks the dependencies of your project to a known state",
        "Read more about it at https://getcomposer.org/doc/01-basic-usage.md#composer-lock-the-lock-file",
        "This file is @generated automatically"
    ],
    "content-hash": "21e95d0c64b4150b994c161a6a8a0d2f",
    "packages": [
        {
            "name": "composer/installers",
            "version": "v1.4.0",
            "source": {
                "type": "git",
                "url": "https://github.com/composer/installers.git",
                "reference": "9ce17fb70e9a38dd8acff0636a29f5cf4d575c1b"
            },
            "dist": {
                "type": "zip",
                "url": "https://api.github.com/repos/composer/installers/zipball/9ce17fb70e9a38dd8acff0636a29f5cf4d575c1b",
                "reference": "9ce17fb70e9a38dd8acff0636a29f5cf4d575c1b",
                "shasum": ""
            },
            "require": {
                "composer-plugin-api": "^1.0"
            },
            "replace": {
                "roundcube/plugin-installer": "*",
                "shama/baton": "*"
            },
            "require-dev": {
                "composer/composer": "1.0.*@dev",
                "phpunit/phpunit": "4.1.*"
            },
            "type": "composer-plugin",
            "extra": {
                "class": "Composer\\Installers\\Plugin",
                "branch-alias": {
                    "dev-master": "1.0-dev"
                }
            },
            "autoload": {
                "psr-4": {
                    "Composer\\Installers\\": "src/Composer/Installers"
                }
            },
            "notification-url": "https://packagist.org/downloads/",
            "license": [
                "MIT"
            ],
            "authors": [
                {
                    "name": "Kyle Robinson Young",
                    "email": "kyle@dontkry.com",
                    "homepage": "https://github.com/shama"
                }
            ],
            "description": "A multi-framework Composer library installer",
            "homepage": "https://composer.github.io/installers/",
            "keywords": [
                "Craft",
                "Dolibarr",
                "Eliasis",
                "Hurad",
                "ImageCMS",
                "Kanboard",
                "Lan Management System",
                "MODX Evo",
                "Mautic",
                "Maya",
                "OXID",
                "Plentymarkets",
                "Porto",
                "RadPHP",
                "SMF",
                "Thelia",
                "WolfCMS",
                "agl",
                "aimeos",
                "annotatecms",
                "attogram",
                "bitrix",
                "cakephp",
                "chef",
                "cockpit",
                "codeigniter",
                "concrete5",
                "croogo",
                "dokuwiki",
                "drupal",
                "eZ Platform",
                "elgg",
                "expressionengine",
                "fuelphp",
                "grav",
                "installer",
                "itop",
                "joomla",
                "kohana",
                "laravel",
                "lavalite",
                "lithium",
                "magento",
                "mako",
                "mediawiki",
                "modulework",
                "moodle",
                "osclass",
                "phpbb",
                "piwik",
                "ppi",
                "puppet",
                "reindex",
                "roundcube",
                "shopware",
                "silverstripe",
                "sydes",
                "symfony",
                "typo3",
                "wordpress",
                "yawik",
                "zend",
                "zikula"
            ],
            "time": "2017-08-09T07:53:48+00:00"
        },
        {
            "name": "composer/semver",
            "version": "1.4.2",
            "source": {
                "type": "git",
                "url": "https://github.com/composer/semver.git",
                "reference": "c7cb9a2095a074d131b65a8a0cd294479d785573"
            },
            "dist": {
                "type": "zip",
                "url": "https://api.github.com/repos/composer/semver/zipball/c7cb9a2095a074d131b65a8a0cd294479d785573",
                "reference": "c7cb9a2095a074d131b65a8a0cd294479d785573",
                "shasum": ""
            },
            "require": {
                "php": "^5.3.2 || ^7.0"
            },
            "require-dev": {
                "phpunit/phpunit": "^4.5 || ^5.0.5",
                "phpunit/phpunit-mock-objects": "2.3.0 || ^3.0"
            },
            "type": "library",
            "extra": {
                "branch-alias": {
                    "dev-master": "1.x-dev"
                }
            },
            "autoload": {
                "psr-4": {
                    "Composer\\Semver\\": "src"
                }
            },
            "notification-url": "https://packagist.org/downloads/",
            "license": [
                "MIT"
            ],
            "authors": [
                {
                    "name": "Nils Adermann",
                    "email": "naderman@naderman.de",
                    "homepage": "http://www.naderman.de"
                },
                {
                    "name": "Jordi Boggiano",
                    "email": "j.boggiano@seld.be",
                    "homepage": "http://seld.be"
                },
                {
                    "name": "Rob Bast",
                    "email": "rob.bast@gmail.com",
                    "homepage": "http://robbast.nl"
                }
            ],
            "description": "Semver library that offers utilities, version constraint parsing and validation.",
            "keywords": [
                "semantic",
                "semver",
                "validation",
                "versioning"
            ],
            "time": "2016-08-30T16:08:34+00:00"
        },
        {
            "name": "composer/spdx-licenses",
            "version": "1.1.6",
            "source": {
                "type": "git",
                "url": "https://github.com/composer/spdx-licenses.git",
                "reference": "2603a0d7ddc00a015deb576fa5297ca43dee6b1c"
            },
            "dist": {
                "type": "zip",
                "url": "https://api.github.com/repos/composer/spdx-licenses/zipball/2603a0d7ddc00a015deb576fa5297ca43dee6b1c",
                "reference": "2603a0d7ddc00a015deb576fa5297ca43dee6b1c",
                "shasum": ""
            },
            "require": {
                "php": "^5.3.2 || ^7.0"
            },
            "require-dev": {
                "phpunit/phpunit": "^4.5 || ^5.0.5",
                "phpunit/phpunit-mock-objects": "2.3.0 || ^3.0"
            },
            "type": "library",
            "extra": {
                "branch-alias": {
                    "dev-master": "1.x-dev"
                }
            },
            "autoload": {
                "psr-4": {
                    "Composer\\Spdx\\": "src"
                }
            },
            "notification-url": "https://packagist.org/downloads/",
            "license": [
                "MIT"
            ],
            "authors": [
                {
                    "name": "Nils Adermann",
                    "email": "naderman@naderman.de",
                    "homepage": "http://www.naderman.de"
                },
                {
                    "name": "Jordi Boggiano",
                    "email": "j.boggiano@seld.be",
                    "homepage": "http://seld.be"
                },
                {
                    "name": "Rob Bast",
                    "email": "rob.bast@gmail.com",
                    "homepage": "http://robbast.nl"
                }
            ],
            "description": "SPDX licenses list and validation library.",
            "keywords": [
                "license",
                "spdx",
                "validator"
            ],
            "time": "2017-04-03T19:08:52+00:00"
        },
        {
            "name": "greenpeace/planet4-child-theme",
            "version": "dev-develop",
            "source": {
                "type": "git",
                "url": "https://github.com/greenpeace/planet4-child-theme.git",
                "reference": "4907c7982e76d4a0719bcb2ca059140dff574164"
            },
            "dist": {
                "type": "tar",
                "url": "https://p4-composer-registry.greenpeace.org//dist/greenpeace/planet4-child-theme/greenpeace-planet4-child-theme-4907c7982e76d4a0719bcb2ca059140dff574164-zip-2f58ad.tar",
                "reference": "4907c7982e76d4a0719bcb2ca059140dff574164",
                "shasum": "fd08614a58df010034061a550dfafc6a944baafe"
            },
            "require": {
                "wpackagist-plugin/timber-library": "1.5.*"
            },
            "type": "wordpress-theme",
            "extra": {
                "installer-paths": {
                    "../../plugins/{$name}/": [
                        "wpackagist-plugin/*",
                        "type:wordpress-plugin"
                    ]
                }
            },
            "license": [
                "GPL-3.0+"
            ],
            "authors": [
                {
                    "name": "Anselm Hannemann",
                    "email": "ahannema@greenpeace.org",
                    "role": "Front-End Developer"
                }
            ],
            "description": "Exemple child theme for the Planet 4 Wordpress project",
            "support": {
                "issues": "https://github.com/greenpeace/planet4-child-theme/issues",
                "wiki": "https://github.com/greenpeace/planet4-child-theme/wiki",
                "source": "https://github.com/greenpeace/planet4-child-theme"
            },
            "time": "2017-10-18T16:59:44+00:00"
        },
        {
            "name": "greenpeace/planet4-content-default",
            "version": "0.2.12",
            "source": {
                "type": "git",
                "url": "https://github.com/greenpeace/planet4-content-default.git",
                "reference": "bdf974111f9bcb8f917e30b7d6e3651fbbfbc984"
            },
            "dist": {
                "type": "tar",
                "url": "https://p4-composer-registry.greenpeace.org//dist/greenpeace/planet4-content-default/greenpeace-planet4-content-default-bdf974111f9bcb8f917e30b7d6e3651fbbfbc984-zip-b2cd55.tar",
                "reference": "bdf974111f9bcb8f917e30b7d6e3651fbbfbc984",
                "shasum": "92509be82d71ea936db19401fd5e5abd4bc19728"
            },
            "type": "library",
            "scripts": {
                "content-default": [
                    "@php initialize-content.php"
                ]
            },
            "authors": [
                {
                    "name": "koyan",
                    "email": "koyandianthos@gmail.com"
                }
            ],
            "description": "Scripts that control the default content of the default planet4 installation",
            "support": {
                "source": "https://github.com/greenpeace/planet4-content-default/tree/v0.2.12",
                "issues": "https://github.com/greenpeace/planet4-content-default/issues"
            },
            "time": "2017-12-05T08:11:05+00:00"
        },
        {
            "name": "greenpeace/planet4-master-theme",
            "version": "dev-develop",
            "source": {
                "type": "git",
                "url": "https://github.com/greenpeace/planet4-master-theme.git",
                "reference": "fd49adc2718ea682f61f1c505d906dd839732ab3"
            },
            "dist": {
                "type": "tar",
                "url": "https://p4-composer-registry.greenpeace.org//dist/greenpeace/planet4-master-theme/greenpeace-planet4-master-theme-fd49adc2718ea682f61f1c505d906dd839732ab3-zip-c0d68e.tar",
                "reference": "fd49adc2718ea682f61f1c505d906dd839732ab3",
                "shasum": "36d27de7982b204b3d4c91f07c3831b7bfaa463b"
            },
            "require": {
                "wpackagist-plugin/timber-library": "1.5.*"
            },
            "type": "wordpress-theme",
            "extra": {
                "installer-paths": {
                    "../../plugins/{$name}/": [
                        "wpackagist-plugin/*",
                        "type:wordpress-plugin"
                    ]
                }
            },
            "license": [
                "MIT"
            ],
            "authors": [
                {
                    "name": "jarednova",
                    "email": "jared@upstatement.com"
                },
                {
                    "name": "Anselm Hannemann",
                    "email": "ahannema@greenpeace.org",
                    "role": "Front-End Developer"
                },
                {
                    "name": "Ashish Singh",
                    "email": "ashish.singh@greenpeace.org",
                    "role": "Front-End Developer"
                },
                {
                    "name": "Angelos Theodorakopoulos",
                    "email": "angelos.theodorakopoulos@greenpeace.org",
                    "role": "PHP Developer"
                }
            ],
            "description": "Master theme for the Planet 4 Wordpress project",
            "support": {
                "issues": "https://github.com/greenpeace/planet4-master-theme/issues",
                "wiki": "https://github.com/greenpeace/planet4-master-theme/wiki",
                "source": "https://github.com/greenpeace/planet4-master-theme"
            },
            "time": "2017-12-07T11:38:57+00:00"
        },
        {
            "name": "greenpeace/planet4-plugin-blocks",
            "version": "dev-develop",
            "source": {
                "type": "git",
                "url": "https://github.com/greenpeace/planet4-plugin-blocks.git",
                "reference": "d6eb61e8e3656de33ca33fa518f7958179f86616"
            },
            "dist": {
                "type": "tar",
                "url": "https://p4-composer-registry.greenpeace.org//dist/greenpeace/planet4-plugin-blocks/greenpeace-planet4-plugin-blocks-d6eb61e8e3656de33ca33fa518f7958179f86616-zip-f51b59.tar",
                "reference": "d6eb61e8e3656de33ca33fa518f7958179f86616",
                "shasum": "636e3db04ef082196509bfc68ae965f79fe747a6"
            },
            "require-dev": {
                "dealerdirect/phpcodesniffer-composer-installer": "^0.4.0",
                "frenck/php-compatibility": "^7.1",
                "squizlabs/php_codesniffer": "2.9.*",
                "wp-coding-standards/wpcs": "0.13.*"
            },
            "type": "wordpress-plugin",
            "autoload": {
                "psr-4": {
                    "P4BKS\\": "classes/",
                    "P4BKS\\Controllers\\": "classes/controller/",
                    "P4BKS\\Controllers\\Blocks\\": "classes/controller/blocks",
                    "P4BKS\\Controllers\\Menu\\": "classes/controller/menu"
                }
            },
            "license": [
                "GPL-3"
            ],
            "authors": [
                {
                    "name": "Greenpeace International",
                    "email": "planet4-group@greenpeace.org"
                }
            ],
            "description": "This repository contains the WordPress plugin that provides the blocks to be used with Shortcake UI plugin.",
            "support": {
                "source": "https://github.com/greenpeace/planet4-plugin-blocks/tree/develop",
                "issues": "https://github.com/greenpeace/planet4-plugin-blocks/issues"
            },
            "time": "2017-12-07T11:42:28+00:00"
        },
        {
            "name": "greenpeace/planet4-plugin-engagingnetworks",
            "version": "0.2.9",
            "source": {
                "type": "git",
                "url": "https://github.com/greenpeace/planet4-plugin-engagingnetworks.git",
                "reference": "10f7ad66d1d0ad072198580cbe5bd12f6908d95c"
            },
            "dist": {
                "type": "tar",
                "url": "https://p4-composer-registry.greenpeace.org//dist/greenpeace/planet4-plugin-engagingnetworks/greenpeace-planet4-plugin-engagingnetworks-10f7ad66d1d0ad072198580cbe5bd12f6908d95c-zip-8116cf.tar",
                "reference": "10f7ad66d1d0ad072198580cbe5bd12f6908d95c",
                "shasum": "8802400b470b6f9933648cfb8e9840bcf150b8eb"
            },
            "require-dev": {
                "dealerdirect/phpcodesniffer-composer-installer": "^0.4.0",
                "frenck/php-compatibility": "^7.1",
                "squizlabs/php_codesniffer": "2.9.*",
                "wp-coding-standards/wpcs": "0.13.*"
            },
            "type": "wordpress-plugin",
            "autoload": {
                "psr-4": {
                    "P4EN\\": "classes/",
                    "P4EN\\Controllers\\": "classes/controller/",
                    "P4EN\\Controllers\\Menu\\": "classes/controller/menu",
                    "P4EN\\Models\\": "classes/model/",
                    "P4EN\\Views\\": "classes/view/"
                }
            },
            "license": [
                "GPL-3"
            ],
            "authors": [
                {
                    "name": "Greenpeace International",
                    "email": "planet4-group@greenpeace.org"
                }
            ],
            "description": "This repository contains the wordpress plugin that connects Planet 4 with the Engaging Networks platform.",
            "support": {
                "source": "https://github.com/greenpeace/planet4-plugin-engagingnetworks/tree/master",
                "issues": "https://github.com/greenpeace/planet4-plugin-engagingnetworks/issues"
            },
            "time": "2017-11-28T07:56:38+00:00"
        },
        {
            "name": "greenpeace/planet4-plugin-images",
            "version": "v0.1",
            "source": {
                "type": "git",
                "url": "https://github.com/greenpeace/planet4-plugin-images.git",
                "reference": "3e461afd0242f07159b3d448a3d807acff0e7860"
            },
            "dist": {
                "type": "tar",
                "url": "https://p4-composer-registry.greenpeace.org//dist/greenpeace/planet4-plugin-images/greenpeace-planet4-plugin-images-3e461afd0242f07159b3d448a3d807acff0e7860-zip-f98bac.tar",
                "reference": "3e461afd0242f07159b3d448a3d807acff0e7860",
                "shasum": "5ec1f25dba996821c2027a7221bd71c3fa4fbe76"
            },
            "type": "wordpress-plugin",
            "license": [
                "GPL-3.0"
            ],
            "description": "This plugin defines the different sizes of the images to be generated by automatic/jetpack thumbnail generator.",
            "support": {
                "source": "https://github.com/greenpeace/planet4-plugin-images/tree/v0.1",
                "issues": "https://github.com/greenpeace/planet4-plugin-images/issues"
            },
            "time": "2017-11-09T10:02:55+00:00"
        },
        {
            "name": "greenpeace/planet4-plugin-migrated-urls",
            "version": "0.0.1",
            "source": {
                "type": "git",
                "url": "https://github.com/greenpeace/planet4-plugin-migrated-urls.git",
                "reference": "cbff917c31147e320eaf1ac8cf9ab0d4762e19c0"
            },
            "dist": {
                "type": "tar",
                "url": "https://p4-composer-registry.greenpeace.org//dist/greenpeace/planet4-plugin-migrated-urls/greenpeace-planet4-plugin-migrated-urls-cbff917c31147e320eaf1ac8cf9ab0d4762e19c0-zip-faf3da.tar",
                "reference": "cbff917c31147e320eaf1ac8cf9ab0d4762e19c0",
                "shasum": "9087a3894a5ab7b450c088e03c66ed46336c37a3"
            },
            "type": "wordpress-plugin",
            "license": [
                "GPL-3"
            ],
            "authors": [
                {
                    "name": "Greenpeace International",
                    "email": "planet4-group@greenpeace.org"
                }
            ],
            "description": "This repository contains the WordPress plugin that provides the old and new urls from migrated content from p3 to p4.",
            "support": {
                "source": "https://github.com/greenpeace/planet4-plugin-migrated-urls/tree/v0.0.1",
                "issues": "https://github.com/greenpeace/planet4-plugin-migrated-urls/issues"
            },
            "time": "2017-10-23T11:56:54+00:00"
        },
        {
            "name": "greenpeace/planet4-plugin-searchwp-upstream",
            "version": "2.8.17.2",
            "dist": {
                "type": "tar",
                "url": "https://p4-composer-registry.greenpeace.org//dist/greenpeace/planet4-plugin-searchwp-upstream/greenpeace-planet4-plugin-searchwp-upstream-2.8.17.2.tar",
                "reference": null,
                "shasum": "147213cd5a6359951ed3168127293ec620280ba5"
            },
            "type": "wordpress-plugin"
        },
        {
            "name": "greenpeace/planet4-plugin-wpimport-upstream",
            "version": "4.4.9",
            "dist": {
                "type": "tar",
                "url": "https://p4-composer-registry.greenpeace.org//dist/greenpeace/planet4-plugin-wpimport-upstream/greenpeace-planet4-plugin-wpimport-upstream-4.4.9.tar",
                "reference": null,
                "shasum": "c484157f527d96aa05557e3f8e5faae8fae2f8b6"
            },
            "type": "wordpress-plugin"
        },
        {
            "name": "greenpeace/planet4-wordpress",
            "version": "4.9.1",
            "source": {
                "type": "git",
                "url": "repositories/planet4-wordpress",
                "reference": "c7a03f81a4160f2409674907e1c11779eef62d05"
            },
            "dist": {
                "type": "tar",
                "url": "https://p4-composer-registry.greenpeace.org//dist/greenpeace/planet4-wordpress/greenpeace-planet4-wordpress-4.9.1-f643d9.tar",
                "reference": "c7a03f81a4160f2409674907e1c11779eef62d05",
                "shasum": "485a1462af4277c3cb9d4713cd22c967fd987843"
            },
            "require": {
                "greenpeace/planet4-wordpress-upstream": "4.9.1"
            },
            "type": "library",
            "time": "2017-11-30T09:02:34+00:00"
        },
        {
            "name": "greenpeace/planet4-wordpress-upstream",
            "version": "4.9.1",
            "source": {
                "type": "svn",
                "url": "https://core.svn.wordpress.org/",
                "reference": "tags/4.9.1"
            },
            "dist": {
                "type": "tar",
                "url": "https://p4-composer-registry.greenpeace.org//dist/greenpeace/planet4-wordpress-upstream/greenpeace-planet4-wordpress-upstream-4.9.1-169bfd.tar",
                "reference": "tags/4.9.1",
                "shasum": "eedf544551ea1efa03f06bfdea2d3c0ca517842e"
            },
            "type": "library"
        },
        {
            "name": "greenpeace/planet4-wpcom-thumbnail-editor",
            "version": "v0.0.1",
            "source": {
                "type": "git",
                "url": "https://github.com/greenpeace/planet4-wpcom-thumbnail-editor.git",
                "reference": "29d39475d4a593dd7b38e1d6f61d43457e971c2c"
            },
            "dist": {
                "type": "tar",
                "url": "https://p4-composer-registry.greenpeace.org//dist/greenpeace/planet4-wpcom-thumbnail-editor/greenpeace-planet4-wpcom-thumbnail-editor-29d39475d4a593dd7b38e1d6f61d43457e971c2c-zip-504e3e.tar",
                "reference": "29d39475d4a593dd7b38e1d6f61d43457e971c2c",
                "shasum": "a5c00f463a72cb19d9321e0028eda018bed89008"
            },
            "type": "wordpress-plugin",
            "license": [
                "GPL-3.0"
            ],
            "description": "This repository is a fork of the automatic/wpcom-thumbnail-editor used in wordpress.com.",
            "support": {
                "source": "https://github.com/greenpeace/planet4-wpcom-thumbnail-editor/tree/v0.0.1"
            },
            "time": "2017-11-09T09:14:50+00:00"
        },
        {
            "name": "wpackagist-plugin/cmb2",
            "version": "2.2.6.2",
            "source": {
                "type": "svn",
                "url": "https://plugins.svn.wordpress.org/cmb2/",
                "reference": "trunk"
            },
            "dist": {
                "type": "zip",
                "url": "https://downloads.wordpress.org/plugin/cmb2.zip?timestamp=1511815857",
                "reference": null,
                "shasum": null
            },
            "require": {
                "composer/installers": "~1.0"
            },
            "type": "wordpress-plugin",
            "homepage": "https://wordpress.org/plugins/cmb2/"
        },
        {
            "name": "wpackagist-plugin/google-apps-login",
            "version": "3.2",
            "source": {
                "type": "svn",
                "url": "https://plugins.svn.wordpress.org/google-apps-login/",
                "reference": "tags/3.2"
            },
            "dist": {
                "type": "zip",
                "url": "https://downloads.wordpress.org/plugin/google-apps-login.3.2.zip",
                "reference": null,
                "shasum": null
            },
            "require": {
                "composer/installers": "~1.0"
            },
            "type": "wordpress-plugin",
            "homepage": "https://wordpress.org/plugins/google-apps-login/"
        },
        {
            "name": "wpackagist-plugin/jetpack",
            "version": "5.6",
            "source": {
                "type": "svn",
                "url": "https://plugins.svn.wordpress.org/jetpack/",
                "reference": "tags/5.6"
            },
            "dist": {
                "type": "zip",
                "url": "https://downloads.wordpress.org/plugin/jetpack.5.6.zip",
                "reference": null,
                "shasum": null
            },
            "require": {
                "composer/installers": "~1.0"
            },
            "type": "wordpress-plugin",
            "homepage": "https://wordpress.org/plugins/jetpack/"
        },
        {
            "name": "wpackagist-plugin/shortcode-ui",
            "version": "0.7.3",
            "source": {
                "type": "svn",
                "url": "https://plugins.svn.wordpress.org/shortcode-ui/",
                "reference": "tags/0.7.3"
            },
            "dist": {
                "type": "zip",
                "url": "https://downloads.wordpress.org/plugin/shortcode-ui.0.7.3.zip",
                "reference": null,
                "shasum": null
            },
            "require": {
                "composer/installers": "~1.0"
            },
            "type": "wordpress-plugin",
            "homepage": "https://wordpress.org/plugins/shortcode-ui/"
        },
        {
            "name": "wpackagist-plugin/timber-library",
            "version": "1.5.2",
            "source": {
                "type": "svn",
                "url": "https://plugins.svn.wordpress.org/timber-library/",
                "reference": "tags/1.5.2"
            },
            "dist": {
                "type": "zip",
                "url": "https://downloads.wordpress.org/plugin/timber-library.1.5.2.zip",
                "reference": null,
                "shasum": null
            },
            "require": {
                "composer/installers": "~1.0"
            },
            "type": "wordpress-plugin",
            "homepage": "https://wordpress.org/plugins/timber-library/"
        },
        {
            "name": "wpackagist-plugin/wordfence",
            "version": "6.3.22",
            "source": {
                "type": "svn",
                "url": "https://plugins.svn.wordpress.org/wordfence/",
                "reference": "tags/6.3.22"
            },
            "dist": {
                "type": "zip",
                "url": "https://downloads.wordpress.org/plugin/wordfence.6.3.22.zip",
                "reference": null,
                "shasum": null
            },
            "require": {
                "composer/installers": "~1.0"
            },
            "type": "wordpress-plugin",
            "homepage": "https://wordpress.org/plugins/wordfence/"
        },
        {
            "name": "wpackagist-plugin/wp-redis",
            "version": "0.7.0",
            "source": {
                "type": "svn",
                "url": "https://plugins.svn.wordpress.org/wp-redis/",
                "reference": "tags/0.7.0"
            },
            "dist": {
                "type": "zip",
                "url": "https://downloads.wordpress.org/plugin/wp-redis.0.7.0.zip",
                "reference": null,
                "shasum": null
            },
            "require": {
                "composer/installers": "~1.0"
            },
            "type": "wordpress-plugin",
            "homepage": "https://wordpress.org/plugins/wp-redis/"
        },
        {
            "name": "wpackagist-plugin/wp-stateless",
            "version": "2.1.1",
            "source": {
                "type": "svn",
                "url": "https://plugins.svn.wordpress.org/wp-stateless/",
                "reference": "tags/2.1.1"
            },
            "dist": {
                "type": "zip",
                "url": "https://downloads.wordpress.org/plugin/wp-stateless.2.1.1.zip",
                "reference": null,
                "shasum": null
            },
            "require": {
                "composer/installers": "~1.0"
            },
            "type": "wordpress-plugin",
            "homepage": "https://wordpress.org/plugins/wp-stateless/"
        }
    ],
    "packages-dev": [],
    "aliases": [],
    "minimum-stability": "stable",
    "stability-flags": {
        "greenpeace/planet4-child-theme": 20,
        "greenpeace/planet4-master-theme": 20,
        "greenpeace/planet4-plugin-blocks": 20
    },
    "prefer-stable": false,
    "prefer-lowest": false,
    "platform": [],
    "platform-dev": []
}
